<?xml version="1.0" encoding="utf-8"?>
<Project ToolsVersion="4.0" xmlns="http://schemas.microsoft.com/developer/msbuild/2003">
  <ItemGroup>
    <Filter Include="Archivos de código fuente">
      <UniqueIdentifier>{4FC737F1-C7A5-4376-A066-2A32D752A2FF}</UniqueIdentifier>
      <Extensions>cpp;c;cc;cxx;def;odl;idl;hpj;bat;asm;asmx</Extensions>
    </Filter>
    <Filter Include="Archivos de encabezado">
      <UniqueIdentifier>{93995380-89BD-4b04-88EB-625FBE52EBFB}</UniqueIdentifier>
      <Extensions>h;hh;hpp;hxx;hm;inl;inc;xsd</Extensions>
    </Filter>
    <Filter Include="Archivos de recursos">
      <UniqueIdentifier>{67DA6AB6-F800-4c08-8B7A-83BB121AAD01}</UniqueIdentifier>
      <Extensions>rc;ico;cur;bmp;dlg;rc2;rct;bin;rgs;gif;jpg;jpeg;jpe;resx;tiff;tif;png;wav;mfcribbon-ms</Extensions>
    </Filter>
  </ItemGroup>
  <ItemGroup>
    <ClCompile Include="src\engine3D_util.c">
      <Filter>Archivos de código fuente</Filter>
    </ClCompile>
    <ClCompile Include="src\engine3D_window.c">
      <Filter>Archivos de código fuente</Filter>
    </ClCompile>
    <ClCompile Include="src\engine3D_main.c">
      <Filter>Archivos de código fuente</Filter>
    </ClCompile>
    <ClCompile Include="src\engine3D_time.c">
      <Filter>Archivos de código fuente</Filter>
    </ClCompile>
    <ClCompile Include="src\engine3D_input.c">
      <Filter>Archivos de código fuente</Filter>
    </ClCompile>
    <ClCompile Include="src\engine3D_vector.c">
      <Filter>Archivos de código fuente</Filter>
    </ClCompile>
    <ClCompile Include="src\engine3D_renderUtil.c">
      <Filter>Archivos de código fuente</Filter>
    </ClCompile>
    <ClCompile Include="src\engine3D_vertex.c">
      <Filter>Archivos de código fuente</Filter>
    </ClCompile>
    <ClCompile Include="src\engine3d_mesh.c">
      <Filter>Archivos de código fuente</Filter>
    </ClCompile>
    <ClCompile Include="src\engine3D_resourceLoader.c">
      <Filter>Archivos de código fuente</Filter>
    </ClCompile>
    <ClCompile Include="src\engine3D_shader.c">
      <Filter>Archivos de código fuente</Filter>
    </ClCompile>
    <ClCompile Include="src\engine3D_trie.c">
      <Filter>Archivos de código fuente</Filter>
    </ClCompile>
  </ItemGroup>
  <ItemGroup>
    <ClInclude Include="include\engine3D_util.h">
      <Filter>Archivos de encabezado</Filter>
    </ClInclude>
    <ClInclude Include="include\engine3D_window.h">
      <Filter>Archivos de encabezado</Filter>
    </ClInclude>
    <ClInclude Include="include\engine3D_main.h">
      <Filter>Archivos de encabezado</Filter>
    </ClInclude>
    <ClInclude Include="include\engine3D_time.h">
      <Filter>Archivos de encabezado</Filter>
    </ClInclude>
    <ClInclude Include="include\engine3D_input.h">
      <Filter>Archivos de encabezado</Filter>
    </ClInclude>
    <ClInclude Include="include\engine3D_vector.h">
      <Filter>Archivos de encabezado</Filter>
    </ClInclude>
    <ClInclude Include="include\engine3D_renderUtil.h">
      <Filter>Archivos de encabezado</Filter>
    </ClInclude>
    <ClInclude Include="include\engine3D_vertex.h">
      <Filter>Archivos de encabezado</Filter>
    </ClInclude>
    <ClInclude Include="include\engine3d_mesh.h">
      <Filter>Archivos de encabezado</Filter>
    </ClInclude>
    <ClInclude Include="include\engine3D_resourceLoader.h">
      <Filter>Archivos de encabezado</Filter>
    </ClInclude>
    <ClInclude Include="include\engine3D_shader.h">
      <Filter>Archivos de encabezado</Filter>
    </ClInclude>
    <ClInclude Include="include\engine3D_trie.h">
      <Filter>Archivos de encabezado</Filter>
    </ClInclude>
  </ItemGroup>
</Project>